
Microsoft Visual Studio Solution File, Format Version 12.00
# Visual Studio 15
VisualStudioVersion = 15.0.26430.16
MinimumVisualStudioVersion = 10.0.40219.1
Project("{D954291E-2A0B-460D-934E-DC6B0785DB48}") = "MyJsonLib", "MyJsonLib\MyJsonLib\MyJsonLib.shproj", "{FB93CC8E-58EC-409C-88DC-1FED4F0BCE59}"
EndProject
Project("{FAE04EC0-301F-11D3-BF4B-00C04F79EFBC}") = "MyJsonLib.Android", "MyJsonLib\MyJsonLib.Android\MyJsonLib.Android.csproj", "{D777D85F-BC19-4A1F-8B66-6C67A98C34AE}"
EndProject
Global
	GlobalSection(SharedMSBuildProjectFiles) = preSolution
		MyJsonLib\MyJsonLib\MyJsonLib.projitems*{d777d85f-bc19-4a1f-8b66-6c67a98c34ae}*SharedItemsImports = 4
		MyJsonLib\MyJsonLib\MyJsonLib.projitems*{fb93cc8e-58ec-409c-88dc-1fed4f0bce59}*SharedItemsImports = 13
	EndGlobalSection
	GlobalSection(SolutionConfigurationPlatforms) = preSolution
		Ad-Hoc|Any CPU = Ad-Hoc|Any CPU
		Ad-Hoc|iPhone = Ad-Hoc|iPhone
		Ad-Hoc|iPhoneSimulator = Ad-Hoc|iPhoneSimulator
		AppStore|Any CPU = AppStore|Any CPU
		AppStore|iPhone = AppStore|iPhone
		AppStore|iPhoneSimulator = AppStore|iPhoneSimulator
		Debug|Any CPU = Debug|Any CPU
		Debug|iPhone = Debug|iPhone
		Debug|iPhoneSimulator = Debug|iPhoneSimulator
		Release|Any CPU = Release|Any CPU
		Release|iPhone = Release|iPhone
		Release|iPhoneSimulator = Release|iPhoneSimulator
	EndGlobalSection
	GlobalSection(ProjectConfigurationPlatforms) = postSolution
		{D777D85F-BC19-4A1F-8B66-6C67A98C34AE}.Ad-Hoc|Any CPU.ActiveCfg = Release|Any CPU
		{D777D85F-BC19-4A1F-8B66-6C67A98C34AE}.Ad-Hoc|Any CPU.Build.0 = Release|Any CPU
		{D777D85F-BC19-4A1F-8B66-6C67A98C34AE}.Ad-Hoc|Any CPU.Deploy.0 = Release|Any CPU
		{D777D85F-BC19-4A1F-8B66-6C67A98C34AE}.Ad-Hoc|iPhone.ActiveCfg = Release|Any CPU
		{D777D85F-BC19-4A1F-8B66-6C67A98C34AE}.Ad-Hoc|iPhone.Build.0 = Release|Any CPU
		{D777D85F-BC19-4A1F-8B66-6C67A98C34AE}.Ad-Hoc|iPhone.Deploy.0 = Release|Any CPU
		{D777D85F-BC19-4A1F-8B66-6C67A98C34AE}.Ad-Hoc|iPhoneSimulator.ActiveCfg = Release|Any CPU
		{D777D85F-BC19-4A1F-8B66-6C67A98C34AE}.Ad-Hoc|iPhoneSimulator.Build.0 = Release|Any CPU
		{D777D85F-BC19-4A1F-8B66-6C67A98C34AE}.Ad-Hoc|iPhoneSimulator.Deploy.0 = Release|Any CPU
		{D777D85F-BC19-4A1F-8B66-6C67A98C34AE}.AppStore|Any CPU.ActiveCfg = Release|Any CPU
		{D777D85F-BC19-4A1F-8B66-6C67A98C34AE}.AppStore|Any CPU.Build.0 = Release|Any CPU
		{D777D85F-BC19-4A1F-8B66-6C67A98C34AE}.AppStore|Any CPU.Deploy.0 = Release|Any CPU
		{D777D85F-BC19-4A1F-8B66-6C67A98C34AE}.AppStore|iPhone.ActiveCfg = Release|Any CPU
		{D777D85F-BC19-4A1F-8B66-6C67A98C34AE}.AppStore|iPhone.Build.0 = Release|Any CPU
		{D777D85F-BC19-4A1F-8B66-6C67A98C34AE}.AppStore|iPhone.Deploy.0 = Release|Any CPU
		{D777D85F-BC19-4A1F-8B66-6C67A98C34AE}.AppStore|iPhoneSimulator.ActiveCfg = Release|Any CPU
		{D777D85F-BC19-4A1F-8B66-6C67A98C34AE}.AppStore|iPhoneSimulator.Build.0 = Release|Any CPU
		{D777D85F-BC19-4A1F-8B66-6C67A98C34AE}.AppStore|iPhoneSimulator.Deploy.0 = Release|Any CPU
		{D777D85F-BC19-4A1F-8B66-6C67A98C34AE}.Debug|Any CPU.ActiveCfg = Debug|Any CPU
		{D777D85F-BC19-4A1F-8B66-6C67A98C34AE}.Debug|Any CPU.Build.0 = Debug|Any CPU
		{D777D85F-BC19-4A1F-8B66-6C67A98C34AE}.Debug|Any CPU.Deploy.0 = Debug|Any CPU
		{D777D85F-BC19-4A1F-8B66-6C67A98C34AE}.Debug|iPhone.ActiveCfg = Debug|Any CPU
		{D777D85F-BC19-4A1F-8B66-6C67A98C34AE}.Debug|iPhone.Build.0 = Debug|Any CPU
		{D777D85F-BC19-4A1F-8B66-6C67A98C34AE}.Debug|iPhone.Deploy.0 = Debug|Any CPU
		{D777D85F-BC19-4A1F-8B66-6C67A98C34AE}.Debug|iPhoneSimulator.ActiveCfg = Debug|Any CPU
		{D777D85F-BC19-4A1F-8B66-6C67A98C34AE}.Debug|iPhoneSimulator.Build.0 = Debug|Any CPU
		{D777D85F-BC19-4A1F-8B66-6C67A98C34AE}.Debug|iPhoneSimulator.Deploy.0 = Debug|Any CPU
		{D777D85F-BC19-4A1F-8B66-6C67A98C34AE}.Release|Any CPU.ActiveCfg = Release|Any CPU
		{D777D85F-BC19-4A1F-8B66-6C67A98C34AE}.Release|Any CPU.Build.0 = Release|Any CPU
		{D777D85F-BC19-4A1F-8B66-6C67A98C34AE}.Release|Any CPU.Deploy.0 = Release|Any CPU
		{D777D85F-BC19-4A1F-8B66-6C67A98C34AE}.Release|iPhone.ActiveCfg = Release|Any CPU
		{D777D85F-BC19-4A1F-8B66-6C67A98C34AE}.Release|iPhone.Build.0 = Release|Any CPU
		{D777D85F-BC19-4A1F-8B66-6C67A98C34AE}.Release|iPhone.Deploy.0 = Release|Any CPU
		{D777D85F-BC19-4A1F-8B66-6C67A98C34AE}.Release|iPhoneSimulator.ActiveCfg = Release|Any CPU
		{D777D85F-BC19-4A1F-8B66-6C67A98C34AE}.Release|iPhoneSimulator.Build.0 = Release|Any CPU
		{D777D85F-BC19-4A1F-8B66-6C67A98C34AE}.Release|iPhoneSimulator.Deploy.0 = Release|Any CPU
	EndGlobalSection
	GlobalSection(SolutionProperties) = preSolution
		HideSolutionNode = FALSE
	EndGlobalSection
EndGlobal
